# THIS IS AN AUTOGENERATED FILE. DO NOT EDIT THIS FILE DIRECTLY.
# yarn lockfile v1


preact@^10.16.0:
  version "10.16.0"
  resolved "https://registry.yarnpkg.com/preact/-/preact-10.16.0.tgz#68a06d70b191b8a313ea722d61e09c6b2a79a37e"
  integrity sha512-XTSj3dJ4roKIC93pald6rWuB2qQJO9gO2iLLyTe87MrjQN+HklueLsmskbywEWqCHlclgz3/M4YLL2iBr9UmMA==
